// !$*UTF8*$!
{
	archiveVersion = 1;
	classes = {
	};
	objectVersion = 46;
	objects = {

/* Begin PBXBuildFile section */
		132262A31F77A85300B680D4 /* GameScene_Physics.swift in Sources */ = {isa = PBXBuildFile; fileRef = 132262A21F77A85300B680D4 /* GameScene_Physics.swift */; };
		132262A51F77EAFA00B680D4 /* GameScene_Touches.swift in Sources */ = {isa = PBXBuildFile; fileRef = 132262A41F77EAFA00B680D4 /* GameScene_Touches.swift */; };
		132262B51F79161E00B680D4 /* burp1.wav in Resources */ = {isa = PBXBuildFile; fileRef = 132262AB1F79161E00B680D4 /* burp1.wav */; };
		132262B61F79161E00B680D4 /* burp2.wav in Resources */ = {isa = PBXBuildFile; fileRef = 132262AC1F79161E00B680D4 /* burp2.wav */; };
		132262B71F79161E00B680D4 /* burp3.wav in Resources */ = {isa = PBXBuildFile; fileRef = 132262AD1F79161E00B680D4 /* burp3.wav */; };
		132262B81F79161E00B680D4 /* pu1.wav in Resources */ = {isa = PBXBuildFile; fileRef = 132262AE1F79161E00B680D4 /* pu1.wav */; };
		132262B91F79161E00B680D4 /* pu2.wav in Resources */ = {isa = PBXBuildFile; fileRef = 132262AF1F79161E00B680D4 /* pu2.wav */; };
		132262BA1F79161E00B680D4 /* pu3.wav in Resources */ = {isa = PBXBuildFile; fileRef = 132262B01F79161E00B680D4 /* pu3.wav */; };
		132262BB1F79161E00B680D4 /* pu4.wav in Resources */ = {isa = PBXBuildFile; fileRef = 132262B11F79161E00B680D4 /* pu4.wav */; };
		132262BC1F79161E00B680D4 /* pu5.wav in Resources */ = {isa = PBXBuildFile; fileRef = 132262B21F79161E00B680D4 /* pu5.wav */; };
		132262BD1F79161E00B680D4 /* pu6.wav in Resources */ = {isa = PBXBuildFile; fileRef = 132262B31F79161E00B680D4 /* pu6.wav */; };
		132262BE1F79161E00B680D4 /* pu7.wav in Resources */ = {isa = PBXBuildFile; fileRef = 132262B41F79161E00B680D4 /* pu7.wav */; };
		1347AC421F799DE200AE32A6 /* backmusic.mp3 in Resources */ = {isa = PBXBuildFile; fileRef = 1347AC411F799DE200AE32A6 /* backmusic.mp3 */; };
		137AC8EE1F7A6F9B0022ABC1 /* backboard.jpg in Resources */ = {isa = PBXBuildFile; fileRef = 137AC8E01F7A6F9B0022ABC1 /* backboard.jpg */; };
		137AC8EF1F7A6F9B0022ABC1 /* bubble_blue.png in Resources */ = {isa = PBXBuildFile; fileRef = 137AC8E11F7A6F9B0022ABC1 /* bubble_blue.png */; };
		137AC8F01F7A6F9B0022ABC1 /* bubble_gray.png in Resources */ = {isa = PBXBuildFile; fileRef = 137AC8E21F7A6F9B0022ABC1 /* bubble_gray.png */; };
		137AC8F11F7A6F9B0022ABC1 /* bubble_green.png in Resources */ = {isa = PBXBuildFile; fileRef = 137AC8E31F7A6F9B0022ABC1 /* bubble_green.png */; };
		137AC8F21F7A6F9B0022ABC1 /* bubble_purple.png in Resources */ = {isa = PBXBuildFile; fileRef = 137AC8E41F7A6F9B0022ABC1 /* bubble_purple.png */; };
		137AC8F31F7A6F9B0022ABC1 /* bubble_red.png in Resources */ = {isa = PBXBuildFile; fileRef = 137AC8E51F7A6F9B0022ABC1 /* bubble_red.png */; };
		137AC8F41F7A6F9B0022ABC1 /* bubble_super_blue.png in Resources */ = {isa = PBXBuildFile; fileRef = 137AC8E61F7A6F9B0022ABC1 /* bubble_super_blue.png */; };
		137AC8F51F7A6F9B0022ABC1 /* bubble_super_cian.png in Resources */ = {isa = PBXBuildFile; fileRef = 137AC8E71F7A6F9B0022ABC1 /* bubble_super_cian.png */; };
		137AC8F61F7A6F9B0022ABC1 /* bubble_super_green.png in Resources */ = {isa = PBXBuildFile; fileRef = 137AC8E81F7A6F9B0022ABC1 /* bubble_super_green.png */; };
		137AC8F71F7A6F9B0022ABC1 /* bubble_super_pink.png in Resources */ = {isa = PBXBuildFile; fileRef = 137AC8E91F7A6F9B0022ABC1 /* bubble_super_pink.png */; };
		137AC8F81F7A6F9B0022ABC1 /* bubble_super_purple.png in Resources */ = {isa = PBXBuildFile; fileRef = 137AC8EA1F7A6F9B0022ABC1 /* bubble_super_purple.png */; };
		137AC8F91F7A6F9B0022ABC1 /* bubble_super_red.png in Resources */ = {isa = PBXBuildFile; fileRef = 137AC8EB1F7A6F9B0022ABC1 /* bubble_super_red.png */; };
		137AC8FA1F7A6F9B0022ABC1 /* bubble_super_yellow.png in Resources */ = {isa = PBXBuildFile; fileRef = 137AC8EC1F7A6F9B0022ABC1 /* bubble_super_yellow.png */; };
		137AC8FB1F7A6F9B0022ABC1 /* bubble_yellow.png in Resources */ = {isa = PBXBuildFile; fileRef = 137AC8ED1F7A6F9B0022ABC1 /* bubble_yellow.png */; };
		137AC8FD1F7A72C30022ABC1 /* button_press.wav in Resources */ = {isa = PBXBuildFile; fileRef = 137AC8FC1F7A72C30022ABC1 /* button_press.wav */; };
		137AC9011F7A75050022ABC1 /* gamemusic.mp3 in Resources */ = {isa = PBXBuildFile; fileRef = 137AC9001F7A75050022ABC1 /* gamemusic.mp3 */; };
		137AC9041F7A76560022ABC1 /* ah2.wav in Resources */ = {isa = PBXBuildFile; fileRef = 137AC9021F7A76560022ABC1 /* ah2.wav */; };
		137AC96F1F7A7F010022ABC1 /* A_BOING.mp3 in Resources */ = {isa = PBXBuildFile; fileRef = 137AC94C1F7A7F010022ABC1 /* A_BOING.mp3 */; };
		137AC9701F7A7F010022ABC1 /* ACK_2.mp3 in Resources */ = {isa = PBXBuildFile; fileRef = 137AC94D1F7A7F010022ABC1 /* ACK_2.mp3 */; };
		137AC9761F7A7F010022ABC1 /* BLUUP_2.mp3 in Resources */ = {isa = PBXBuildFile; fileRef = 137AC9531F7A7F010022ABC1 /* BLUUP_2.mp3 */; };
		137AC9771F7A7F010022ABC1 /* BOING2.mp3 in Resources */ = {isa = PBXBuildFile; fileRef = 137AC9541F7A7F010022ABC1 /* BOING2.mp3 */; };
		137AC9781F7A7F010022ABC1 /* BOO.mp3 in Resources */ = {isa = PBXBuildFile; fileRef = 137AC9551F7A7F010022ABC1 /* BOO.mp3 */; };
		137AC97A1F7A7F010022ABC1 /* BROKEN_D.mp3 in Resources */ = {isa = PBXBuildFile; fileRef = 137AC9571F7A7F010022ABC1 /* BROKEN_D.mp3 */; };
		137AC97B1F7A7F010022ABC1 /* BULLFROG.mp3 in Resources */ = {isa = PBXBuildFile; fileRef = 137AC9581F7A7F010022ABC1 /* BULLFROG.mp3 */; };
		137AC97D1F7A7F010022ABC1 /* CL_THRTS.mp3 in Resources */ = {isa = PBXBuildFile; fileRef = 137AC95A1F7A7F010022ABC1 /* CL_THRTS.mp3 */; };
		137AC97F1F7A7F010022ABC1 /* DOG_BARK.mp3 in Resources */ = {isa = PBXBuildFile; fileRef = 137AC95C1F7A7F010022ABC1 /* DOG_BARK.mp3 */; };
		137AC9801F7A7F010022ABC1 /* GFY_HAHA.mp3 in Resources */ = {isa = PBXBuildFile; fileRef = 137AC95D1F7A7F010022ABC1 /* GFY_HAHA.mp3 */; };
		137AC9831F7A7F010022ABC1 /* NASTY_CO.mp3 in Resources */ = {isa = PBXBuildFile; fileRef = 137AC9601F7A7F010022ABC1 /* NASTY_CO.mp3 */; };
		137AC9851F7A7F010022ABC1 /* OORR.mp3 in Resources */ = {isa = PBXBuildFile; fileRef = 137AC9621F7A7F010022ABC1 /* OORR.mp3 */; };
		137AC9881F7A7F010022ABC1 /* PLASMAEX.mp3 in Resources */ = {isa = PBXBuildFile; fileRef = 137AC9651F7A7F010022ABC1 /* PLASMAEX.mp3 */; };
		137AC9891F7A7F010022ABC1 /* RIFLE.mp3 in Resources */ = {isa = PBXBuildFile; fileRef = 137AC9661F7A7F010022ABC1 /* RIFLE.mp3 */; };
		137AC98A1F7A7F010022ABC1 /* SH_GARGL.mp3 in Resources */ = {isa = PBXBuildFile; fileRef = 137AC9671F7A7F010022ABC1 /* SH_GARGL.mp3 */; };
		137AC98C1F7A7F010022ABC1 /* SHATTER.mp3 in Resources */ = {isa = PBXBuildFile; fileRef = 137AC9691F7A7F010022ABC1 /* SHATTER.mp3 */; };
		137AC98D1F7A7F010022ABC1 /* SIN_LAFF.mp3 in Resources */ = {isa = PBXBuildFile; fileRef = 137AC96A1F7A7F010022ABC1 /* SIN_LAFF.mp3 */; };
		137AC98E1F7A7F010022ABC1 /* SNAP.mp3 in Resources */ = {isa = PBXBuildFile; fileRef = 137AC96B1F7A7F010022ABC1 /* SNAP.mp3 */; };
		137AC98F1F7A7F010022ABC1 /* SNEEZING.mp3 in Resources */ = {isa = PBXBuildFile; fileRef = 137AC96C1F7A7F010022ABC1 /* SNEEZING.mp3 */; };
		137AC9901F7A7F010022ABC1 /* UHH-UHH2.mp3 in Resources */ = {isa = PBXBuildFile; fileRef = 137AC96D1F7A7F010022ABC1 /* UHH-UHH2.mp3 */; };
		137AC9931F7A7FA20022ABC1 /* SoundBase.swift in Sources */ = {isa = PBXBuildFile; fileRef = 137AC9921F7A7FA20022ABC1 /* SoundBase.swift */; };
		137AC9951F7A84EE0022ABC1 /* BAAA.mp3 in Resources */ = {isa = PBXBuildFile; fileRef = 137AC9941F7A84EE0022ABC1 /* BAAA.mp3 */; };
		137AC9971F7ABC890022ABC1 /* bonja.mp3 in Resources */ = {isa = PBXBuildFile; fileRef = 137AC9961F7ABC890022ABC1 /* bonja.mp3 */; };
		137AC9A31F7AC1BC0022ABC1 /* pu14.mp3 in Resources */ = {isa = PBXBuildFile; fileRef = 137AC9981F7AC1BC0022ABC1 /* pu14.mp3 */; };
		137AC9A41F7AC1BC0022ABC1 /* pu12.mp3 in Resources */ = {isa = PBXBuildFile; fileRef = 137AC9991F7AC1BC0022ABC1 /* pu12.mp3 */; };
		137AC9A51F7AC1BC0022ABC1 /* pu9.mp3 in Resources */ = {isa = PBXBuildFile; fileRef = 137AC99A1F7AC1BC0022ABC1 /* pu9.mp3 */; };
		137AC9A61F7AC1BC0022ABC1 /* burp4.mp3 in Resources */ = {isa = PBXBuildFile; fileRef = 137AC99B1F7AC1BC0022ABC1 /* burp4.mp3 */; };
		137AC9A71F7AC1BC0022ABC1 /* pu8.mp3 in Resources */ = {isa = PBXBuildFile; fileRef = 137AC99C1F7AC1BC0022ABC1 /* pu8.mp3 */; };
		137AC9A81F7AC1BC0022ABC1 /* pu13.mp3 in Resources */ = {isa = PBXBuildFile; fileRef = 137AC99D1F7AC1BC0022ABC1 /* pu13.mp3 */; };
		137AC9A91F7AC1BC0022ABC1 /* burp5.mp3 in Resources */ = {isa = PBXBuildFile; fileRef = 137AC99E1F7AC1BC0022ABC1 /* burp5.mp3 */; };
		137AC9AA1F7AC1BC0022ABC1 /* burp6.mp3 in Resources */ = {isa = PBXBuildFile; fileRef = 137AC99F1F7AC1BC0022ABC1 /* burp6.mp3 */; };
		137AC9AB1F7AC1BC0022ABC1 /* pu10.mp3 in Resources */ = {isa = PBXBuildFile; fileRef = 137AC9A01F7AC1BC0022ABC1 /* pu10.mp3 */; };
		137AC9AC1F7AC1BC0022ABC1 /* pu11.mp3 in Resources */ = {isa = PBXBuildFile; fileRef = 137AC9A11F7AC1BC0022ABC1 /* pu11.mp3 */; };
		137AC9AD1F7AC1BC0022ABC1 /* pu15.mp3 in Resources */ = {isa = PBXBuildFile; fileRef = 137AC9A21F7AC1BC0022ABC1 /* pu15.mp3 */; };
		137AC9AF1F7ACA740022ABC1 /* woodenBack.png in Resources */ = {isa = PBXBuildFile; fileRef = 137AC9AE1F7ACA740022ABC1 /* woodenBack.png */; };
		137AC9B11F7ACCC70022ABC1 /* reloadButton.png in Resources */ = {isa = PBXBuildFile; fileRef = 137AC9B01F7ACCC70022ABC1 /* reloadButton.png */; };
		13AC9DEF1F757D1C0010D677 /* AppDelegate.swift in Sources */ = {isa = PBXBuildFile; fileRef = 13AC9DEE1F757D1C0010D677 /* AppDelegate.swift */; };
		13AC9DF11F757D1C0010D677 /* GameScene.sks in Resources */ = {isa = PBXBuildFile; fileRef = 13AC9DF01F757D1C0010D677 /* GameScene.sks */; };
		13AC9DF31F757D1C0010D677 /* Actions.sks in Resources */ = {isa = PBXBuildFile; fileRef = 13AC9DF21F757D1C0010D677 /* Actions.sks */; };
		13AC9DF51F757D1C0010D677 /* GameScene.swift in Sources */ = {isa = PBXBuildFile; fileRef = 13AC9DF41F757D1C0010D677 /* GameScene.swift */; };
		13AC9DF71F757D1C0010D677 /* GameViewController.swift in Sources */ = {isa = PBXBuildFile; fileRef = 13AC9DF61F757D1C0010D677 /* GameViewController.swift */; };
		13AC9DFA1F757D1C0010D677 /* Main.storyboard in Resources */ = {isa = PBXBuildFile; fileRef = 13AC9DF81F757D1C0010D677 /* Main.storyboard */; };
		13AC9DFC1F757D1C0010D677 /* Assets.xcassets in Resources */ = {isa = PBXBuildFile; fileRef = 13AC9DFB1F757D1C0010D677 /* Assets.xcassets */; };
		13AC9DFF1F757D1C0010D677 /* LaunchScreen.storyboard in Resources */ = {isa = PBXBuildFile; fileRef = 13AC9DFD1F757D1C0010D677 /* LaunchScreen.storyboard */; };
		13F52CD01F7A55D600B0BCA8 /* bells.wav in Resources */ = {isa = PBXBuildFile; fileRef = 13F52CCF1F7A55D600B0BCA8 /* bells.wav */; };
		13F52CD21F7A5BBD00B0BCA8 /* MenuViewController.swift in Sources */ = {isa = PBXBuildFile; fileRef = 13F52CD11F7A5BBD00B0BCA8 /* MenuViewController.swift */; };
		13F52CD41F7A5D1000B0BCA8 /* startButton.png in Resources */ = {isa = PBXBuildFile; fileRef = 13F52CD31F7A5D1000B0BCA8 /* startButton.png */; };
/* End PBXBuildFile section */

/* Begin PBXFileReference section */
		132262A21F77A85300B680D4 /* GameScene_Physics.swift */ = {isa = PBXFileReference; fileEncoding = 4; lastKnownFileType = sourcecode.swift; path = GameScene_Physics.swift; sourceTree = "<group>"; };
		132262A41F77EAFA00B680D4 /* GameScene_Touches.swift */ = {isa = PBXFileReference; fileEncoding = 4; lastKnownFileType = sourcecode.swift; path = GameScene_Touches.swift; sourceTree = "<group>"; };
		132262AB1F79161E00B680D4 /* burp1.wav */ = {isa = PBXFileReference; lastKnownFileType = audio.wav; path = burp1.wav; sourceTree = "<group>"; };
		132262AC1F79161E00B680D4 /* burp2.wav */ = {isa = PBXFileReference; lastKnownFileType = audio.wav; path = burp2.wav; sourceTree = "<group>"; };
		132262AD1F79161E00B680D4 /* burp3.wav */ = {isa = PBXFileReference; lastKnownFileType = audio.wav; path = burp3.wav; sourceTree = "<group>"; };
		132262AE1F79161E00B680D4 /* pu1.wav */ = {isa = PBXFileReference; lastKnownFileType = audio.wav; path = pu1.wav; sourceTree = "<group>"; };
		132262AF1F79161E00B680D4 /* pu2.wav */ = {isa = PBXFileReference; lastKnownFileType = audio.wav; path = pu2.wav; sourceTree = "<group>"; };
		132262B01F79161E00B680D4 /* pu3.wav */ = {isa = PBXFileReference; lastKnownFileType = audio.wav; path = pu3.wav; sourceTree = "<group>"; };
		132262B11F79161E00B680D4 /* pu4.wav */ = {isa = PBXFileReference; lastKnownFileType = audio.wav; path = pu4.wav; sourceTree = "<group>"; };
		132262B21F79161E00B680D4 /* pu5.wav */ = {isa = PBXFileReference; lastKnownFileType = audio.wav; path = pu5.wav; sourceTree = "<group>"; };
		132262B31F79161E00B680D4 /* pu6.wav */ = {isa = PBXFileReference; lastKnownFileType = audio.wav; path = pu6.wav; sourceTree = "<group>"; };
		132262B41F79161E00B680D4 /* pu7.wav */ = {isa = PBXFileReference; lastKnownFileType = audio.wav; path = pu7.wav; sourceTree = "<group>"; };
		1347AC411F799DE200AE32A6 /* backmusic.mp3 */ = {isa = PBXFileReference; lastKnownFileType = audio.mp3; path = backmusic.mp3; sourceTree = "<group>"; };
		137AC8E01F7A6F9B0022ABC1 /* backboard.jpg */ = {isa = PBXFileReference; lastKnownFileType = image.jpeg; path = backboard.jpg; sourceTree = "<group>"; };
		137AC8E11F7A6F9B0022ABC1 /* bubble_blue.png */ = {isa = PBXFileReference; lastKnownFileType = image.png; path = bubble_blue.png; sourceTree = "<group>"; };
		137AC8E21F7A6F9B0022ABC1 /* bubble_gray.png */ = {isa = PBXFileReference; lastKnownFileType = image.png; path = bubble_gray.png; sourceTree = "<group>"; };
		137AC8E31F7A6F9B0022ABC1 /* bubble_green.png */ = {isa = PBXFileReference; lastKnownFileType = image.png; path = bubble_green.png; sourceTree = "<group>"; };
		137AC8E41F7A6F9B0022ABC1 /* bubble_purple.png */ = {isa = PBXFileReference; lastKnownFileType = image.png; path = bubble_purple.png; sourceTree = "<group>"; };
		137AC8E51F7A6F9B0022ABC1 /* bubble_red.png */ = {isa = PBXFileReference; lastKnownFileType = image.png; path = bubble_red.png; sourceTree = "<group>"; };
		137AC8E61F7A6F9B0022ABC1 /* bubble_super_blue.png */ = {isa = PBXFileReference; lastKnownFileType = image.png; path = bubble_super_blue.png; sourceTree = "<group>"; };
		137AC8E71F7A6F9B0022ABC1 /* bubble_super_cian.png */ = {isa = PBXFileReference; lastKnownFileType = image.png; path = bubble_super_cian.png; sourceTree = "<group>"; };
		137AC8E81F7A6F9B0022ABC1 /* bubble_super_green.png */ = {isa = PBXFileReference; lastKnownFileType = image.png; path = bubble_super_green.png; sourceTree = "<group>"; };
		137AC8E91F7A6F9B0022ABC1 /* bubble_super_pink.png */ = {isa = PBXFileReference; lastKnownFileType = image.png; path = bubble_super_pink.png; sourceTree = "<group>"; };
		137AC8EA1F7A6F9B0022ABC1 /* bubble_super_purple.png */ = {isa = PBXFileReference; lastKnownFileType = image.png; path = bubble_super_purple.png; sourceTree = "<group>"; };
		137AC8EB1F7A6F9B0022ABC1 /* bubble_super_red.png */ = {isa = PBXFileReference; lastKnownFileType = image.png; path = bubble_super_red.png; sourceTree = "<group>"; };
		137AC8EC1F7A6F9B0022ABC1 /* bubble_super_yellow.png */ = {isa = PBXFileReference; lastKnownFileType = image.png; path = bubble_super_yellow.png; sourceTree = "<group>"; };
		137AC8ED1F7A6F9B0022ABC1 /* bubble_yellow.png */ = {isa = PBXFileReference; lastKnownFileType = image.png; path = bubble_yellow.png; sourceTree = "<group>"; };
		137AC8FC1F7A72C30022ABC1 /* button_press.wav */ = {isa = PBXFileReference; lastKnownFileType = audio.wav; path = button_press.wav; sourceTree = "<group>"; };
		137AC9001F7A75050022ABC1 /* gamemusic.mp3 */ = {isa = PBXFileReference; lastKnownFileType = audio.mp3; path = gamemusic.mp3; sourceTree = "<group>"; };
		137AC9021F7A76560022ABC1 /* ah2.wav */ = {isa = PBXFileReference; lastKnownFileType = audio.wav; path = ah2.wav; sourceTree = "<group>"; };
		137AC94C1F7A7F010022ABC1 /* A_BOING.mp3 */ = {isa = PBXFileReference; lastKnownFileType = audio.mp3; path = A_BOING.mp3; sourceTree = "<group>"; };
		137AC94D1F7A7F010022ABC1 /* ACK_2.mp3 */ = {isa = PBXFileReference; lastKnownFileType = audio.mp3; path = ACK_2.mp3; sourceTree = "<group>"; };
		137AC9531F7A7F010022ABC1 /* BLUUP_2.mp3 */ = {isa = PBXFileReference; lastKnownFileType = audio.mp3; path = BLUUP_2.mp3; sourceTree = "<group>"; };
		137AC9541F7A7F010022ABC1 /* BOING2.mp3 */ = {isa = PBXFileReference; lastKnownFileType = audio.mp3; path = BOING2.mp3; sourceTree = "<group>"; };
		137AC9551F7A7F010022ABC1 /* BOO.mp3 */ = {isa = PBXFileReference; lastKnownFileType = audio.mp3; path = BOO.mp3; sourceTree = "<group>"; };
		137AC9571F7A7F010022ABC1 /* BROKEN_D.mp3 */ = {isa = PBXFileReference; lastKnownFileType = audio.mp3; path = BROKEN_D.mp3; sourceTree = "<group>"; };
		137AC9581F7A7F010022ABC1 /* BULLFROG.mp3 */ = {isa = PBXFileReference; lastKnownFileType = audio.mp3; path = BULLFROG.mp3; sourceTree = "<group>"; };
		137AC95A1F7A7F010022ABC1 /* CL_THRTS.mp3 */ = {isa = PBXFileReference; lastKnownFileType = audio.mp3; path = CL_THRTS.mp3; sourceTree = "<group>"; };
		137AC95C1F7A7F010022ABC1 /* DOG_BARK.mp3 */ = {isa = PBXFileReference; lastKnownFileType = audio.mp3; path = DOG_BARK.mp3; sourceTree = "<group>"; };
		137AC95D1F7A7F010022ABC1 /* GFY_HAHA.mp3 */ = {isa = PBXFileReference; lastKnownFileType = audio.mp3; path = GFY_HAHA.mp3; sourceTree = "<group>"; };
		137AC9601F7A7F010022ABC1 /* NASTY_CO.mp3 */ = {isa = PBXFileReference; lastKnownFileType = audio.mp3; path = NASTY_CO.mp3; sourceTree = "<group>"; };
		137AC9621F7A7F010022ABC1 /* OORR.mp3 */ = {isa = PBXFileReference; lastKnownFileType = audio.mp3; path = OORR.mp3; sourceTree = "<group>"; };
		137AC9651F7A7F010022ABC1 /* PLASMAEX.mp3 */ = {isa = PBXFileReference; lastKnownFileType = audio.mp3; path = PLASMAEX.mp3; sourceTree = "<group>"; };
		137AC9661F7A7F010022ABC1 /* RIFLE.mp3 */ = {isa = PBXFileReference; lastKnownFileType = audio.mp3; path = RIFLE.mp3; sourceTree = "<group>"; };
		137AC9671F7A7F010022ABC1 /* SH_GARGL.mp3 */ = {isa = PBXFileReference; lastKnownFileType = audio.mp3; path = SH_GARGL.mp3; sourceTree = "<group>"; };
		137AC9691F7A7F010022ABC1 /* SHATTER.mp3 */ = {isa = PBXFileReference; lastKnownFileType = audio.mp3; path = SHATTER.mp3; sourceTree = "<group>"; };
		137AC96A1F7A7F010022ABC1 /* SIN_LAFF.mp3 */ = {isa = PBXFileReference; lastKnownFileType = audio.mp3; path = SIN_LAFF.mp3; sourceTree = "<group>"; };
		137AC96B1F7A7F010022ABC1 /* SNAP.mp3 */ = {isa = PBXFileReference; lastKnownFileType = audio.mp3; path = SNAP.mp3; sourceTree = "<group>"; };
		137AC96C1F7A7F010022ABC1 /* SNEEZING.mp3 */ = {isa = PBXFileReference; lastKnownFileType = audio.mp3; path = SNEEZING.mp3; sourceTree = "<group>"; };
		137AC96D1F7A7F010022ABC1 /* UHH-UHH2.mp3 */ = {isa = PBXFileReference; lastKnownFileType = audio.mp3; path = "UHH-UHH2.mp3"; sourceTree = "<group>"; };
		137AC9921F7A7FA20022ABC1 /* SoundBase.swift */ = {isa = PBXFileReference; fileEncoding = 4; lastKnownFileType = sourcecode.swift; path = SoundBase.swift; sourceTree = "<group>"; };
		137AC9941F7A84EE0022ABC1 /* BAAA.mp3 */ = {isa = PBXFileReference; lastKnownFileType = audio.mp3; path = BAAA.mp3; sourceTree = "<group>"; };
		137AC9961F7ABC890022ABC1 /* bonja.mp3 */ = {isa = PBXFileReference; lastKnownFileType = audio.mp3; path = bonja.mp3; sourceTree = "<group>"; };
		137AC9981F7AC1BC0022ABC1 /* pu14.mp3 */ = {isa = PBXFileReference; lastKnownFileType = audio.mp3; path = pu14.mp3; sourceTree = "<group>"; };
		137AC9991F7AC1BC0022ABC1 /* pu12.mp3 */ = {isa = PBXFileReference; lastKnownFileType = audio.mp3; path = pu12.mp3; sourceTree = "<group>"; };
		137AC99A1F7AC1BC0022ABC1 /* pu9.mp3 */ = {isa = PBXFileReference; lastKnownFileType = audio.mp3; path = pu9.mp3; sourceTree = "<group>"; };
		137AC99B1F7AC1BC0022ABC1 /* burp4.mp3 */ = {isa = PBXFileReference; lastKnownFileType = audio.mp3; path = burp4.mp3; sourceTree = "<group>"; };
		137AC99C1F7AC1BC0022ABC1 /* pu8.mp3 */ = {isa = PBXFileReference; lastKnownFileType = audio.mp3; path = pu8.mp3; sourceTree = "<group>"; };
		137AC99D1F7AC1BC0022ABC1 /* pu13.mp3 */ = {isa = PBXFileReference; lastKnownFileType = audio.mp3; path = pu13.mp3; sourceTree = "<group>"; };
		137AC99E1F7AC1BC0022ABC1 /* burp5.mp3 */ = {isa = PBXFileReference; lastKnownFileType = audio.mp3; path = burp5.mp3; sourceTree = "<group>"; };
		137AC99F1F7AC1BC0022ABC1 /* burp6.mp3 */ = {isa = PBXFileReference; lastKnownFileType = audio.mp3; path = burp6.mp3; sourceTree = "<group>"; };
		137AC9A01F7AC1BC0022ABC1 /* pu10.mp3 */ = {isa = PBXFileReference; lastKnownFileType = audio.mp3; path = pu10.mp3; sourceTree = "<group>"; };
		137AC9A11F7AC1BC0022ABC1 /* pu11.mp3 */ = {isa = PBXFileReference; lastKnownFileType = audio.mp3; path = pu11.mp3; sourceTree = "<group>"; };
		137AC9A21F7AC1BC0022ABC1 /* pu15.mp3 */ = {isa = PBXFileReference; lastKnownFileType = audio.mp3; path = pu15.mp3; sourceTree = "<group>"; };
		137AC9AE1F7ACA740022ABC1 /* woodenBack.png */ = {isa = PBXFileReference; lastKnownFileType = image.png; path = woodenBack.png; sourceTree = "<group>"; };
		137AC9B01F7ACCC70022ABC1 /* reloadButton.png */ = {isa = PBXFileReference; lastKnownFileType = image.png; path = reloadButton.png; sourceTree = "<group>"; };
		13AC9DEB1F757D1C0010D677 /* Bubble Touch.app */ = {isa = PBXFileReference; explicitFileType = wrapper.application; includeInIndex = 0; path = "Bubble Touch.app"; sourceTree = BUILT_PRODUCTS_DIR; };
		13AC9DEE1F757D1C0010D677 /* AppDelegate.swift */ = {isa = PBXFileReference; lastKnownFileType = sourcecode.swift; path = AppDelegate.swift; sourceTree = "<group>"; };
		13AC9DF01F757D1C0010D677 /* GameScene.sks */ = {isa = PBXFileReference; lastKnownFileType = file.sks; path = GameScene.sks; sourceTree = "<group>"; };
		13AC9DF21F757D1C0010D677 /* Actions.sks */ = {isa = PBXFileReference; lastKnownFileType = file.sks; path = Actions.sks; sourceTree = "<group>"; };
		13AC9DF41F757D1C0010D677 /* GameScene.swift */ = {isa = PBXFileReference; lastKnownFileType = sourcecode.swift; path = GameScene.swift; sourceTree = "<group>"; };
		13AC9DF61F757D1C0010D677 /* GameViewController.swift */ = {isa = PBXFileReference; lastKnownFileType = sourcecode.swift; path = GameViewController.swift; sourceTree = "<group>"; };
		13AC9DF91F757D1C0010D677 /* Base */ = {isa = PBXFileReference; lastKnownFileType = file.storyboard; name = Base; path = Base.lproj/Main.storyboard; sourceTree = "<group>"; };
		13AC9DFB1F757D1C0010D677 /* Assets.xcassets */ = {isa = PBXFileReference; lastKnownFileType = folder.assetcatalog; path = Assets.xcassets; sourceTree = "<group>"; };
		13AC9DFE1F757D1C0010D677 /* Base */ = {isa = PBXFileReference; lastKnownFileType = file.storyboard; name = Base; path = Base.lproj/LaunchScreen.storyboard; sourceTree = "<group>"; };
		13AC9E001F757D1C0010D677 /* Info.plist */ = {isa = PBXFileReference; lastKnownFileType = text.plist.xml; path = Info.plist; sourceTree = "<group>"; };
		13F52CCF1F7A55D600B0BCA8 /* bells.wav */ = {isa = PBXFileReference; lastKnownFileType = audio.wav; path = bells.wav; sourceTree = "<group>"; };
		13F52CD11F7A5BBD00B0BCA8 /* MenuViewController.swift */ = {isa = PBXFileReference; fileEncoding = 4; lastKnownFileType = sourcecode.swift; path = MenuViewController.swift; sourceTree = "<group>"; };
		13F52CD31F7A5D1000B0BCA8 /* startButton.png */ = {isa = PBXFileReference; lastKnownFileType = image.png; path = startButton.png; sourceTree = "<group>"; };
/* End PBXFileReference section */

/* Begin PBXFrameworksBuildPhase section */
		13AC9DE81F757D1C0010D677 /* Frameworks */ = {
			isa = PBXFrameworksBuildPhase;
			buildActionMask = 2147483647;
			files = (
			);
			runOnlyForDeploymentPostprocessing = 0;
		};
/* End PBXFrameworksBuildPhase section */

/* Begin PBXGroup section */
		131E26EA1F76517B00E1897B /* views */ = {
			isa = PBXGroup;
			children = (
				13AC9DF01F757D1C0010D677 /* GameScene.sks */,
				13AC9DF21F757D1C0010D677 /* Actions.sks */,
				13AC9DF81F757D1C0010D677 /* Main.storyboard */,
				13AC9DFD1F757D1C0010D677 /* LaunchScreen.storyboard */,
			);
			name = views;
			sourceTree = "<group>";
		};
		132262AA1F790B9E00B680D4 /* sounds */ = {
			isa = PBXGroup;
			children = (
				137AC94C1F7A7F010022ABC1 /* A_BOING.mp3 */,
				137AC94D1F7A7F010022ABC1 /* ACK_2.mp3 */,
				137AC9941F7A84EE0022ABC1 /* BAAA.mp3 */,
				137AC9531F7A7F010022ABC1 /* BLUUP_2.mp3 */,
				137AC9541F7A7F010022ABC1 /* BOING2.mp3 */,
				137AC9551F7A7F010022ABC1 /* BOO.mp3 */,
				137AC9571F7A7F010022ABC1 /* BROKEN_D.mp3 */,
				137AC9581F7A7F010022ABC1 /* BULLFROG.mp3 */,
				137AC95A1F7A7F010022ABC1 /* CL_THRTS.mp3 */,
				137AC95C1F7A7F010022ABC1 /* DOG_BARK.mp3 */,
				137AC95D1F7A7F010022ABC1 /* GFY_HAHA.mp3 */,
				137AC9601F7A7F010022ABC1 /* NASTY_CO.mp3 */,
				137AC9621F7A7F010022ABC1 /* OORR.mp3 */,
				137AC9651F7A7F010022ABC1 /* PLASMAEX.mp3 */,
				137AC9661F7A7F010022ABC1 /* RIFLE.mp3 */,
				137AC9671F7A7F010022ABC1 /* SH_GARGL.mp3 */,
				137AC9691F7A7F010022ABC1 /* SHATTER.mp3 */,
				137AC96A1F7A7F010022ABC1 /* SIN_LAFF.mp3 */,
				137AC96B1F7A7F010022ABC1 /* SNAP.mp3 */,
				137AC96C1F7A7F010022ABC1 /* SNEEZING.mp3 */,
				137AC96D1F7A7F010022ABC1 /* UHH-UHH2.mp3 */,
				137AC9961F7ABC890022ABC1 /* bonja.mp3 */,
				1347AC411F799DE200AE32A6 /* backmusic.mp3 */,
				137AC9001F7A75050022ABC1 /* gamemusic.mp3 */,
				13F52CCF1F7A55D600B0BCA8 /* bells.wav */,
				137AC9021F7A76560022ABC1 /* ah2.wav */,
				132262AB1F79161E00B680D4 /* burp1.wav */,
				132262AC1F79161E00B680D4 /* burp2.wav */,
				132262AD1F79161E00B680D4 /* burp3.wav */,
				137AC99B1F7AC1BC0022ABC1 /* burp4.mp3 */,
				137AC99E1F7AC1BC0022ABC1 /* burp5.mp3 */,
				137AC99F1F7AC1BC0022ABC1 /* burp6.mp3 */,
				132262AE1F79161E00B680D4 /* pu1.wav */,
				132262AF1F79161E00B680D4 /* pu2.wav */,
				132262B01F79161E00B680D4 /* pu3.wav */,
				132262B11F79161E00B680D4 /* pu4.wav */,
				132262B21F79161E00B680D4 /* pu5.wav */,
				132262B31F79161E00B680D4 /* pu6.wav */,
				132262B41F79161E00B680D4 /* pu7.wav */,
				137AC99C1F7AC1BC0022ABC1 /* pu8.mp3 */,
				137AC99A1F7AC1BC0022ABC1 /* pu9.mp3 */,
				137AC9A01F7AC1BC0022ABC1 /* pu10.mp3 */,
				137AC9A11F7AC1BC0022ABC1 /* pu11.mp3 */,
				137AC9991F7AC1BC0022ABC1 /* pu12.mp3 */,
				137AC99D1F7AC1BC0022ABC1 /* pu13.mp3 */,
				137AC9981F7AC1BC0022ABC1 /* pu14.mp3 */,
				137AC9A21F7AC1BC0022ABC1 /* pu15.mp3 */,
				137AC8FC1F7A72C30022ABC1 /* button_press.wav */,
			);
			name = sounds;
			sourceTree = "<group>";
		};
		13AC9DE21F757D1C0010D677 = {
			isa = PBXGroup;
			children = (
				13AC9DED1F757D1C0010D677 /* Bubble Touch */,
				13AC9DEC1F757D1C0010D677 /* Products */,
			);
			sourceTree = "<group>";
		};
		13AC9DEC1F757D1C0010D677 /* Products */ = {
			isa = PBXGroup;
			children = (
				13AC9DEB1F757D1C0010D677 /* Bubble Touch.app */,
			);
			name = Products;
			sourceTree = "<group>";
		};
		13AC9DED1F757D1C0010D677 /* Bubble Touch */ = {
			isa = PBXGroup;
			children = (
				13AC9DEE1F757D1C0010D677 /* AppDelegate.swift */,
				13AC9DF41F757D1C0010D677 /* GameScene.swift */,
				132262A41F77EAFA00B680D4 /* GameScene_Touches.swift */,
				132262A21F77A85300B680D4 /* GameScene_Physics.swift */,
				13F52CD11F7A5BBD00B0BCA8 /* MenuViewController.swift */,
				13AC9DF61F757D1C0010D677 /* GameViewController.swift */,
				137AC9921F7A7FA20022ABC1 /* SoundBase.swift */,
				13F52CD51F7A6C6D00B0BCA8 /* pics */,
				131E26EA1F76517B00E1897B /* views */,
				132262AA1F790B9E00B680D4 /* sounds */,
				13AC9DFB1F757D1C0010D677 /* Assets.xcassets */,
				13AC9E001F757D1C0010D677 /* Info.plist */,
			);
			path = "Bubble Touch";
			sourceTree = "<group>";
		};
		13F52CD51F7A6C6D00B0BCA8 /* pics */ = {
			isa = PBXGroup;
			children = (
				13F52CD31F7A5D1000B0BCA8 /* startButton.png */,
				137AC9AE1F7ACA740022ABC1 /* woodenBack.png */,
				137AC9B01F7ACCC70022ABC1 /* reloadButton.png */,
				137AC8E01F7A6F9B0022ABC1 /* backboard.jpg */,
				137AC8E11F7A6F9B0022ABC1 /* bubble_blue.png */,
				137AC8E21F7A6F9B0022ABC1 /* bubble_gray.png */,
				137AC8E31F7A6F9B0022ABC1 /* bubble_green.png */,
				137AC8E41F7A6F9B0022ABC1 /* bubble_purple.png */,
				137AC8E51F7A6F9B0022ABC1 /* bubble_red.png */,
				137AC8E61F7A6F9B0022ABC1 /* bubble_super_blue.png */,
				137AC8E71F7A6F9B0022ABC1 /* bubble_super_cian.png */,
				137AC8E81F7A6F9B0022ABC1 /* bubble_super_green.png */,
				137AC8E91F7A6F9B0022ABC1 /* bubble_super_pink.png */,
				137AC8EA1F7A6F9B0022ABC1 /* bubble_super_purple.png */,
				137AC8EB1F7A6F9B0022ABC1 /* bubble_super_red.png */,
				137AC8EC1F7A6F9B0022ABC1 /* bubble_super_yellow.png */,
				137AC8ED1F7A6F9B0022ABC1 /* bubble_yellow.png */,
			);
			name = pics;
			sourceTree = "<group>";
		};
/* End PBXGroup section */

/* Begin PBXNativeTarget section */
		13AC9DEA1F757D1C0010D677 /* Bubble Touch */ = {
			isa = PBXNativeTarget;
			buildConfigurationList = 13AC9E031F757D1C0010D677 /* Build configuration list for PBXNativeTarget "Bubble Touch" */;
			buildPhases = (
				13AC9DE71F757D1C0010D677 /* Sources */,
				13AC9DE81F757D1C0010D677 /* Frameworks */,
				13AC9DE91F757D1C0010D677 /* Resources */,
			);
			buildRules = (
			);
			dependencies = (
			);
			name = "Bubble Touch";
			productName = "Bubble Touch";
			productReference = 13AC9DEB1F757D1C0010D677 /* Bubble Touch.app */;
			productType = "com.apple.product-type.application";
		};
/* End PBXNativeTarget section */

/* Begin PBXProject section */
		13AC9DE31F757D1C0010D677 /* Project object */ = {
			isa = PBXProject;
			attributes = {
				LastSwiftUpdateCheck = 0830;
				LastUpgradeCheck = 0830;
				ORGANIZATIONNAME = Cornelius;
				TargetAttributes = {
					13AC9DEA1F757D1C0010D677 = {
						CreatedOnToolsVersion = 8.3.3;
						DevelopmentTeam = 2962L856EU;
						ProvisioningStyle = Automatic;
					};
				};
			};
			buildConfigurationList = 13AC9DE61F757D1C0010D677 /* Build configuration list for PBXProject "Bubble Touch" */;
			compatibilityVersion = "Xcode 3.2";
			developmentRegion = English;
			hasScannedForEncodings = 0;
			knownRegions = (
				en,
				Base,
			);
			mainGroup = 13AC9DE21F757D1C0010D677;
			productRefGroup = 13AC9DEC1F757D1C0010D677 /* Products */;
			projectDirPath = "";
			projectRoot = "";
			targets = (
				13AC9DEA1F757D1C0010D677 /* Bubble Touch */,
			);
		};
/* End PBXProject section */

/* Begin PBXResourcesBuildPhase section */
		13AC9DE91F757D1C0010D677 /* Resources */ = {
			isa = PBXResourcesBuildPhase;
			buildActionMask = 2147483647;
			files = (
				132262BB1F79161E00B680D4 /* pu4.wav in Resources */,
				137AC9771F7A7F010022ABC1 /* BOING2.mp3 in Resources */,
				137AC9AB1F7AC1BC0022ABC1 /* pu10.mp3 in Resources */,
				137AC8F71F7A6F9B0022ABC1 /* bubble_super_pink.png in Resources */,
				132262BE1F79161E00B680D4 /* pu7.wav in Resources */,
				132262B71F79161E00B680D4 /* burp3.wav in Resources */,
				132262B81F79161E00B680D4 /* pu1.wav in Resources */,
				137AC9701F7A7F010022ABC1 /* ACK_2.mp3 in Resources */,
				137AC97B1F7A7F010022ABC1 /* BULLFROG.mp3 in Resources */,
				137AC9801F7A7F010022ABC1 /* GFY_HAHA.mp3 in Resources */,
				137AC9AC1F7AC1BC0022ABC1 /* pu11.mp3 in Resources */,
				137AC8FB1F7A6F9B0022ABC1 /* bubble_yellow.png in Resources */,
				137AC9831F7A7F010022ABC1 /* NASTY_CO.mp3 in Resources */,
				137AC8F81F7A6F9B0022ABC1 /* bubble_super_purple.png in Resources */,
				13AC9DFA1F757D1C0010D677 /* Main.storyboard in Resources */,
				137AC96F1F7A7F010022ABC1 /* A_BOING.mp3 in Resources */,
				137AC98E1F7A7F010022ABC1 /* SNAP.mp3 in Resources */,
				137AC9A41F7AC1BC0022ABC1 /* pu12.mp3 in Resources */,
				137AC9A71F7AC1BC0022ABC1 /* pu8.mp3 in Resources */,
				13AC9DF11F757D1C0010D677 /* GameScene.sks in Resources */,
				137AC8F51F7A6F9B0022ABC1 /* bubble_super_cian.png in Resources */,
				137AC9901F7A7F010022ABC1 /* UHH-UHH2.mp3 in Resources */,
				137AC9A81F7AC1BC0022ABC1 /* pu13.mp3 in Resources */,
				137AC9881F7A7F010022ABC1 /* PLASMAEX.mp3 in Resources */,
				137AC9851F7A7F010022ABC1 /* OORR.mp3 in Resources */,
				13AC9DFC1F757D1C0010D677 /* Assets.xcassets in Resources */,
				137AC8F31F7A6F9B0022ABC1 /* bubble_red.png in Resources */,
				137AC9A31F7AC1BC0022ABC1 /* pu14.mp3 in Resources */,
				137AC9781F7A7F010022ABC1 /* BOO.mp3 in Resources */,
				137AC8F01F7A6F9B0022ABC1 /* bubble_gray.png in Resources */,
				137AC9AF1F7ACA740022ABC1 /* woodenBack.png in Resources */,
				137AC98D1F7A7F010022ABC1 /* SIN_LAFF.mp3 in Resources */,
				137AC9A51F7AC1BC0022ABC1 /* pu9.mp3 in Resources */,
				137AC9041F7A76560022ABC1 /* ah2.wav in Resources */,
				137AC8F61F7A6F9B0022ABC1 /* bubble_super_green.png in Resources */,
				1347AC421F799DE200AE32A6 /* backmusic.mp3 in Resources */,
				137AC8EE1F7A6F9B0022ABC1 /* backboard.jpg in Resources */,
				137AC8EF1F7A6F9B0022ABC1 /* bubble_blue.png in Resources */,
				137AC8F41F7A6F9B0022ABC1 /* bubble_super_blue.png in Resources */,
				137AC9951F7A84EE0022ABC1 /* BAAA.mp3 in Resources */,
				137AC9971F7ABC890022ABC1 /* bonja.mp3 in Resources */,
				132262BD1F79161E00B680D4 /* pu6.wav in Resources */,
				13F52CD41F7A5D1000B0BCA8 /* startButton.png in Resources */,
				137AC9A61F7AC1BC0022ABC1 /* burp4.mp3 in Resources */,
				137AC9B11F7ACCC70022ABC1 /* reloadButton.png in Resources */,
				13AC9DFF1F757D1C0010D677 /* LaunchScreen.storyboard in Resources */,
				137AC98A1F7A7F010022ABC1 /* SH_GARGL.mp3 in Resources */,
				132262B91F79161E00B680D4 /* pu2.wav in Resources */,
				13AC9DF31F757D1C0010D677 /* Actions.sks in Resources */,
				137AC8F11F7A6F9B0022ABC1 /* bubble_green.png in Resources */,
				137AC8FD1F7A72C30022ABC1 /* button_press.wav in Resources */,
				132262BA1F79161E00B680D4 /* pu3.wav in Resources */,
				137AC98F1F7A7F010022ABC1 /* SNEEZING.mp3 in Resources */,
				137AC97A1F7A7F010022ABC1 /* BROKEN_D.mp3 in Resources */,
				137AC9011F7A75050022ABC1 /* gamemusic.mp3 in Resources */,
				137AC9AD1F7AC1BC0022ABC1 /* pu15.mp3 in Resources */,
				137AC98C1F7A7F010022ABC1 /* SHATTER.mp3 in Resources */,
				13F52CD01F7A55D600B0BCA8 /* bells.wav in Resources */,
				137AC9A91F7AC1BC0022ABC1 /* burp5.mp3 in Resources */,
				137AC97D1F7A7F010022ABC1 /* CL_THRTS.mp3 in Resources */,
				132262BC1F79161E00B680D4 /* pu5.wav in Resources */,
				132262B51F79161E00B680D4 /* burp1.wav in Resources */,
				137AC9891F7A7F010022ABC1 /* RIFLE.mp3 in Resources */,
				137AC9761F7A7F010022ABC1 /* BLUUP_2.mp3 in Resources */,
				137AC97F1F7A7F010022ABC1 /* DOG_BARK.mp3 in Resources */,
				137AC9AA1F7AC1BC0022ABC1 /* burp6.mp3 in Resources */,
				132262B61F79161E00B680D4 /* burp2.wav in Resources */,
				137AC8F21F7A6F9B0022ABC1 /* bubble_purple.png in Resources */,
				137AC8F91F7A6F9B0022ABC1 /* bubble_super_red.png in Resources */,
				137AC8FA1F7A6F9B0022ABC1 /* bubble_super_yellow.png in Resources */,
			);
			runOnlyForDeploymentPostprocessing = 0;
		};
/* End PBXResourcesBuildPhase section */

/* Begin PBXSourcesBuildPhase section */
		13AC9DE71F757D1C0010D677 /* Sources */ = {
			isa = PBXSourcesBuildPhase;
			buildActionMask = 2147483647;
			files = (
				137AC9931F7A7FA20022ABC1 /* SoundBase.swift in Sources */,
				132262A31F77A85300B680D4 /* GameScene_Physics.swift in Sources */,
				13F52CD21F7A5BBD00B0BCA8 /* MenuViewController.swift in Sources */,
				13AC9DF51F757D1C0010D677 /* GameScene.swift in Sources */,
				13AC9DF71F757D1C0010D677 /* GameViewController.swift in Sources */,
				13AC9DEF1F757D1C0010D677 /* AppDelegate.swift in Sources */,
				132262A51F77EAFA00B680D4 /* GameScene_Touches.swift in Sources */,
			);
			runOnlyForDeploymentPostprocessing = 0;
		};
/* End PBXSourcesBuildPhase section */

/* Begin PBXVariantGroup section */
		13AC9DF81F757D1C0010D677 /* Main.storyboard */ = {
			isa = PBXVariantGroup;
			children = (
				13AC9DF91F757D1C0010D677 /* Base */,
			);
			name = Main.storyboard;
			sourceTree = "<group>";
		};
		13AC9DFD1F757D1C0010D677 /* LaunchScreen.storyboard */ = {
			isa = PBXVariantGroup;
			children = (
				13AC9DFE1F757D1C0010D677 /* Base */,
			);
			name = LaunchScreen.storyboard;
			sourceTree = "<group>";
		};
/* End PBXVariantGroup section */

/* Begin XCBuildConfiguration section */
		13AC9E011F757D1C0010D677 /* Debug */ = {
			isa = XCBuildConfiguration;
			buildSettings = {
				ALWAYS_SEARCH_USER_PATHS = NO;
				CLANG_ANALYZER_NONNULL = YES;
				CLANG_ANALYZER_NUMBER_OBJECT_CONVERSION = YES_AGGRESSIVE;
				CLANG_CXX_LANGUAGE_STANDARD = "gnu++0x";
				CLANG_CXX_LIBRARY = "libc++";
				CLANG_ENABLE_MODULES = YES;
				CLANG_ENABLE_OBJC_ARC = YES;
				CLANG_WARN_BOOL_CONVERSION = YES;
				CLANG_WARN_CONSTANT_CONVERSION = YES;
				CLANG_WARN_DIRECT_OBJC_ISA_USAGE = YES_ERROR;
				CLANG_WARN_DOCUMENTATION_COMMENTS = YES;
				CLANG_WARN_EMPTY_BODY = YES;
				CLANG_WARN_ENUM_CONVERSION = YES;
				CLANG_WARN_INFINITE_RECURSION = YES;
				CLANG_WARN_INT_CONVERSION = YES;
				CLANG_WARN_OBJC_ROOT_CLASS = YES_ERROR;
				CLANG_WARN_SUSPICIOUS_MOVE = YES;
				CLANG_WARN_UNREACHABLE_CODE = YES;
				CLANG_WARN__DUPLICATE_METHOD_MATCH = YES;
				"CODE_SIGN_IDENTITY[sdk=iphoneos*]" = "iPhone Developer";
				COPY_PHASE_STRIP = NO;
				DEBUG_INFORMATION_FORMAT = dwarf;
				ENABLE_STRICT_OBJC_MSGSEND = YES;
				ENABLE_TESTABILITY = YES;
				GCC_C_LANGUAGE_STANDARD = gnu99;
				GCC_DYNAMIC_NO_PIC = NO;
				GCC_NO_COMMON_BLOCKS = YES;
				GCC_OPTIMIZATION_LEVEL = 0;
				GCC_PREPROCESSOR_DEFINITIONS = (
					"DEBUG=1",
					"$(inherited)",
				);
				GCC_WARN_64_TO_32_BIT_CONVERSION = YES;
				GCC_WARN_ABOUT_RETURN_TYPE = YES_ERROR;
				GCC_WARN_UNDECLARED_SELECTOR = YES;
				GCC_WARN_UNINITIALIZED_AUTOS = YES_AGGRESSIVE;
				GCC_WARN_UNUSED_FUNCTION = YES;
				GCC_WARN_UNUSED_VARIABLE = YES;
				IPHONEOS_DEPLOYMENT_TARGET = 10.3;
				MTL_ENABLE_DEBUG_INFO = YES;
				ONLY_ACTIVE_ARCH = YES;
				SDKROOT = iphoneos;
				SWIFT_ACTIVE_COMPILATION_CONDITIONS = DEBUG;
				SWIFT_OPTIMIZATION_LEVEL = "-Onone";
			};
			name = Debug;
		};
		13AC9E021F757D1C0010D677 /* Release */ = {
			isa = XCBuildConfiguration;
			buildSettings = {
				ALWAYS_SEARCH_USER_PATHS = NO;
				CLANG_ANALYZER_NONNULL = YES;
				CLANG_ANALYZER_NUMBER_OBJECT_CONVERSION = YES_AGGRESSIVE;
				CLANG_CXX_LANGUAGE_STANDARD = "gnu++0x";
				CLANG_CXX_LIBRARY = "libc++";
				CLANG_ENABLE_MODULES = YES;
				CLANG_ENABLE_OBJC_ARC = YES;
				CLANG_WARN_BOOL_CONVERSION = YES;
				CLANG_WARN_CONSTANT_CONVERSION = YES;
				CLANG_WARN_DIRECT_OBJC_ISA_USAGE = YES_ERROR;
				CLANG_WARN_DOCUMENTATION_COMMENTS = YES;
				CLANG_WARN_EMPTY_BODY = YES;
				CLANG_WARN_ENUM_CONVERSION = YES;
				CLANG_WARN_INFINITE_RECURSION = YES;
				CLANG_WARN_INT_CONVERSION = YES;
				CLANG_WARN_OBJC_ROOT_CLASS = YES_ERROR;
				CLANG_WARN_SUSPICIOUS_MOVE = YES;
				CLANG_WARN_UNREACHABLE_CODE = YES;
				CLANG_WARN__DUPLICATE_METHOD_MATCH = YES;
				"CODE_SIGN_IDENTITY[sdk=iphoneos*]" = "iPhone Developer";
				COPY_PHASE_STRIP = NO;
				DEBUG_INFORMATION_FORMAT = "dwarf-with-dsym";
				ENABLE_NS_ASSERTIONS = NO;
				ENABLE_STRICT_OBJC_MSGSEND = YES;
				GCC_C_LANGUAGE_STANDARD = gnu99;
				GCC_NO_COMMON_BLOCKS = YES;
				GCC_WARN_64_TO_32_BIT_CONVERSION = YES;
				GCC_WARN_ABOUT_RETURN_TYPE = YES_ERROR;
				GCC_WARN_UNDECLARED_SELECTOR = YES;
				GCC_WARN_UNINITIALIZED_AUTOS = YES_AGGRESSIVE;
				GCC_WARN_UNUSED_FUNCTION = YES;
				GCC_WARN_UNUSED_VARIABLE = YES;
				IPHONEOS_DEPLOYMENT_TARGET = 10.3;
				MTL_ENABLE_DEBUG_INFO = NO;
				SDKROOT = iphoneos;
				SWIFT_OPTIMIZATION_LEVEL = "-Owholemodule";
				VALIDATE_PRODUCT = YES;
			};
			name = Release;
		};
		13AC9E041F757D1C0010D677 /* Debug */ = {
			isa = XCBuildConfiguration;
			buildSettings = {
				ASSETCATALOG_COMPILER_APPICON_NAME = AppIcon;
				DEVELOPMENT_TEAM = 2962L856EU;
				INFOPLIST_FILE = "Bubble Touch/Info.plist";
				LD_RUNPATH_SEARCH_PATHS = "$(inherited) @executable_path/Frameworks";
				PRODUCT_BUNDLE_IDENTIFIER = "com.core.Bubble-Touch";
				PRODUCT_NAME = "$(TARGET_NAME)";
				SWIFT_VERSION = 3.0;
			};
			name = Debug;
		};
		13AC9E051F757D1C0010D677 /* Release */ = {
			isa = XCBuildConfiguration;
			buildSettings = {
				ASSETCATALOG_COMPILER_APPICON_NAME = AppIcon;
				DEVELOPMENT_TEAM = 2962L856EU;
				INFOPLIST_FILE = "Bubble Touch/Info.plist";
				LD_RUNPATH_SEARCH_PATHS = "$(inherited) @executable_path/Frameworks";
				PRODUCT_BUNDLE_IDENTIFIER = "com.core.Bubble-Touch";
				PRODUCT_NAME = "$(TARGET_NAME)";
				SWIFT_VERSION = 3.0;
			};
			name = Release;
		};
/* End XCBuildConfiguration section */

/* Begin XCConfigurationList section */
		13AC9DE61F757D1C0010D677 /* Build configuration list for PBXProject "Bubble Touch" */ = {
			isa = XCConfigurationList;
			buildConfigurations = (
				13AC9E011F757D1C0010D677 /* Debug */,
				13AC9E021F757D1C0010D677 /* Release */,
			);
			defaultConfigurationIsVisible = 0;
			defaultConfigurationName = Release;
		};
		13AC9E031F757D1C0010D677 /* Build configuration list for PBXNativeTarget "Bubble Touch" */ = {
			isa = XCConfigurationList;
			buildConfigurations = (
				13AC9E041F757D1C0010D677 /* Debug */,
				13AC9E051F757D1C0010D677 /* Release */,
			);
			defaultConfigurationIsVisible = 0;
			defaultConfigurationName = Release;
		};
/* End XCConfigurationList section */
	};
	rootObject = 13AC9DE31F757D1C0010D677 /* Project object */;
}
